{
    "version": 3,
    "terraform_version": "0.11.7",
    "serial": 14,
    "lineage": "d42acaf1-e43d-023a-e1a3-36c9d295650c",
    "modules": [
        {
            "path": [
                "root"
            ],
            "outputs": {},
            "resources": {
                "aws_instance.web": {
                    "type": "aws_instance",
                    "depends_on": [
                        "aws_key_pair.ops",
                        "data.aws_ami.ubuntu_img"
                    ],
                    "primary": {
                        "id": "i-0d6c3f13730d5ee43",
                        "attributes": {
                            "ami": "ami-0a313d6098716f372",
                            "arn": "arn:aws:ec2:us-east-1:791102240221:instance/i-0d6c3f13730d5ee43",
                            "associate_public_ip_address": "true",
                            "availability_zone": "us-east-1a",
                            "cpu_core_count": "1",
                            "cpu_threads_per_core": "1",
                            "credit_specification.#": "1",
                            "credit_specification.0.cpu_credits": "standard",
                            "disable_api_termination": "false",
                            "ebs_block_device.#": "0",
                            "ebs_optimized": "false",
                            "ephemeral_block_device.#": "0",
                            "get_password_data": "false",
                            "iam_instance_profile": "",
                            "id": "i-0d6c3f13730d5ee43",
                            "instance_state": "running",
                            "instance_type": "t2.micro",
                            "ipv6_addresses.#": "0",
                            "key_name": "ops",
                            "monitoring": "false",
                            "network_interface.#": "0",
                            "network_interface_id": "eni-0675deec310836caf",
                            "password_data": "",
                            "placement_group": "",
                            "primary_network_interface_id": "eni-0675deec310836caf",
                            "private_dns": "ip-172-31-31-22.ec2.internal",
                            "private_ip": "172.31.31.22",
                            "public_dns": "ec2-34-230-31-169.compute-1.amazonaws.com",
                            "public_ip": "34.230.31.169",
                            "root_block_device.#": "1",
                            "root_block_device.0.delete_on_termination": "true",
                            "root_block_device.0.iops": "100",
                            "root_block_device.0.volume_id": "vol-0f16dd72c93a253d5",
                            "root_block_device.0.volume_size": "8",
                            "root_block_device.0.volume_type": "gp2",
                            "security_groups.#": "1",
                            "security_groups.3814588639": "default",
                            "source_dest_check": "true",
                            "subnet_id": "subnet-daa7fd90",
                            "tags.%": "1",
                            "tags.Name": "webserver",
                            "tenancy": "default",
                            "user_data": "60a9ae2ea5476574a0a18ee7ce256cc5c487e367",
                            "volume_tags.%": "0",
                            "vpc_security_group_ids.#": "1",
                            "vpc_security_group_ids.136367439": "sg-3a2bdd7b"
                        },
                        "meta": {
                            "e2bfb730-ecaa-11e6-8f88-34363bc7c4c0": {
                                "create": 600000000000,
                                "delete": 1200000000000,
                                "update": 600000000000
                            },
                            "schema_version": "1"
                        },
                        "tainted": true
                    },
                    "deposed": [],
                    "provider": "provider.aws"
                },
                "aws_key_pair.ops": {
                    "type": "aws_key_pair",
                    "depends_on": [],
                    "primary": {
                        "id": "ops",
                        "attributes": {
                            "fingerprint": "a2:57:15:38:0a:c8:15:e1:fa:58:56:e2:6d:0b:c9:a0",
                            "id": "ops",
                            "key_name": "ops",
                            "public_key": "ssh-rsa AAAAB3NzaC1yc2EAAAADAQABAAABAQCoQJU40y0SSKPqOdrcLbIkMXC6fnPEwmmjcKs+AjSc4vAU5ZkSILFJvXIV+UvAqZhEVviqVi3tpB5TWpraFNHiHtneITcZQy3JK71H0Jw9bA5PL9gf7w/Lq4YYDIHEEPU0wseAD3wKU+4HT4wWnaw55i6CMq3ERYfze8c1HD5NOITncZ4jaHMMjTgx8hlNhwYIHRWll7xWA0ExVbr16b/iq7MCX8hPrMg7xzc+Z6k73LTV4WIwfd7ApiGtztqNHdXpLbRcxNDeE24pZ588L8eS6VfFJUeLrxxmxa6BNbEiRtUotbEUyZhTkOq1CA5n6uVaSyMcBvL0DqkbpCqrruuD ops"
                        },
                        "meta": {
                            "schema_version": "1"
                        },
                        "tainted": false
                    },
                    "deposed": [],
                    "provider": "provider.aws"
                },
                "aws_security_group.allow-ssh": {
                    "type": "aws_security_group",
                    "depends_on": [],
                    "primary": {
                        "id": "sg-0943cb0eefd574736",
                        "attributes": {
                            "arn": "arn:aws:ec2:us-east-1:791102240221:security-group/sg-0943cb0eefd574736",
                            "description": "Allow all inbound SSH traffic",
                            "egress.#": "0",
                            "id": "sg-0943cb0eefd574736",
                            "ingress.#": "1",
                            "ingress.2799745988.cidr_blocks.#": "1",
                            "ingress.2799745988.cidr_blocks.0": "0.0.0.0/0",
                            "ingress.2799745988.description": "",
                            "ingress.2799745988.from_port": "0",
                            "ingress.2799745988.ipv6_cidr_blocks.#": "0",
                            "ingress.2799745988.prefix_list_ids.#": "0",
                            "ingress.2799745988.protocol": "22",
                            "ingress.2799745988.security_groups.#": "0",
                            "ingress.2799745988.self": "false",
                            "ingress.2799745988.to_port": "0",
                            "name": "allow-all",
                            "owner_id": "791102240221",
                            "revoke_rules_on_delete": "false",
                            "tags.%": "0",
                            "vpc_id": "vpc-15ac0a6f"
                        },
                        "meta": {
                            "e2bfb730-ecaa-11e6-8f88-34363bc7c4c0": {
                                "create": 600000000000,
                                "delete": 600000000000
                            },
                            "schema_version": "1"
                        },
                        "tainted": false
                    },
                    "deposed": [],
                    "provider": "provider.aws"
                },
                "data.aws_ami.ubuntu_img": {
                    "type": "aws_ami",
                    "depends_on": [],
                    "primary": {
                        "id": "ami-0a313d6098716f372",
                        "attributes": {
                            "architecture": "x86_64",
                            "block_device_mappings.#": "3",
                            "block_device_mappings.1634610537.device_name": "/dev/sdb",
                            "block_device_mappings.1634610537.ebs.%": "0",
                            "block_device_mappings.1634610537.no_device": "",
                            "block_device_mappings.1634610537.virtual_name": "ephemeral0",
                            "block_device_mappings.2547816212.device_name": "/dev/sda1",
                            "block_device_mappings.2547816212.ebs.%": "6",
                            "block_device_mappings.2547816212.ebs.delete_on_termination": "true",
                            "block_device_mappings.2547816212.ebs.encrypted": "false",
                            "block_device_mappings.2547816212.ebs.iops": "0",
                            "block_device_mappings.2547816212.ebs.snapshot_id": "snap-0b1f84f810682b7bf",
                            "block_device_mappings.2547816212.ebs.volume_size": "8",
                            "block_device_mappings.2547816212.ebs.volume_type": "gp2",
                            "block_device_mappings.2547816212.no_device": "",
                            "block_device_mappings.2547816212.virtual_name": "",
                            "block_device_mappings.3850042718.device_name": "/dev/sdc",
                            "block_device_mappings.3850042718.ebs.%": "0",
                            "block_device_mappings.3850042718.no_device": "",
                            "block_device_mappings.3850042718.virtual_name": "ephemeral1",
                            "creation_date": "2019-02-13T12:48:22.000Z",
                            "description": "Canonical, Ubuntu, 18.04 LTS, amd64 bionic image build on 2019-02-12",
                            "filter.#": "2",
                            "filter.490168357.name": "virtualization-type",
                            "filter.490168357.values.#": "1",
                            "filter.490168357.values.0": "hvm",
                            "filter.942818600.name": "name",
                            "filter.942818600.values.#": "1",
                            "filter.942818600.values.0": "ubuntu/images/hvm-ssd/ubuntu-bionic-18.04-amd64-server-*",
                            "hypervisor": "xen",
                            "id": "ami-0a313d6098716f372",
                            "image_id": "ami-0a313d6098716f372",
                            "image_location": "099720109477/ubuntu/images/hvm-ssd/ubuntu-bionic-18.04-amd64-server-20190212.1",
                            "image_type": "machine",
                            "most_recent": "true",
                            "name": "ubuntu/images/hvm-ssd/ubuntu-bionic-18.04-amd64-server-20190212.1",
                            "owner_id": "099720109477",
                            "owners.#": "1",
                            "owners.0": "099720109477",
                            "product_codes.#": "0",
                            "public": "true",
                            "root_device_name": "/dev/sda1",
                            "root_device_type": "ebs",
                            "root_snapshot_id": "snap-0b1f84f810682b7bf",
                            "sriov_net_support": "simple",
                            "state": "available",
                            "state_reason.%": "2",
                            "state_reason.code": "UNSET",
                            "state_reason.message": "UNSET",
                            "tags.%": "0",
                            "virtualization_type": "hvm"
                        },
                        "meta": {},
                        "tainted": false
                    },
                    "deposed": [],
                    "provider": "provider.aws"
                }
            },
            "depends_on": []
        }
    ]
}
